
Microsoft Visual Studio Solution File, Format Version 12.00
# Visual Studio Version 16
VisualStudioVersion = 16.0.33214.272
MinimumVisualStudioVersion = 10.0.40219.1
Project("{FAE04EC0-301F-11D3-BF4B-00C04F79EFBC}") = "Proyecto_ProgramacionWeb_1131119", "Proyecto_ProgramacionWeb_1131119\Proyecto_ProgramacionWeb_1131119.csproj", "{245BE002-F6F7-47A1-94D2-1FDB57A8E2A3}"
EndProject
Global
	GlobalSection(SolutionConfigurationPlatforms) = preSolution
		Debug|Any CPU = Debug|Any CPU
		Release|Any CPU = Release|Any CPU
	EndGlobalSection
	GlobalSection(ProjectConfigurationPlatforms) = postSolution
		{245BE002-F6F7-47A1-94D2-1FDB57A8E2A3}.Debug|Any CPU.ActiveCfg = Debug|Any CPU
		{245BE002-F6F7-47A1-94D2-1FDB57A8E2A3}.Debug|Any CPU.Build.0 = Debug|Any CPU
		{245BE002-F6F7-47A1-94D2-1FDB57A8E2A3}.Release|Any CPU.ActiveCfg = Release|Any CPU
		{245BE002-F6F7-47A1-94D2-1FDB57A8E2A3}.Release|Any CPU.Build.0 = Release|Any CPU
	EndGlobalSection
	GlobalSection(SolutionProperties) = preSolution
		HideSolutionNode = FALSE
	EndGlobalSection
	GlobalSection(ExtensibilityGlobals) = postSolution
		SolutionGuid = {BD3EF925-B500-4F95-988F-9B799C7BE334}
	EndGlobalSection
EndGlobal
